<Solution>
  <Folder Name="/src/">
    <Project Path="src/BookStore.Application/BookStore.Application.csproj" />
    <Project Path="src/BookStore.Domain/BookStore.Domain.csproj" />
    <Project Path="src/BookStore.Infrastructure/BookStore.Infrastructure.csproj" />
    <Project Path="src/BookStore.SharedKernel/BookStore.SharedKernel.csproj" />
    <Project Path="src/BookStore.WebApi/BookStore.WebApi.csproj" />
  </Folder>
  <Folder Name="/test/">
    <Project Path="tests/BookStore.Application.UnitTests/BookStore.Application.UnitTests.csproj" />
    <Project Path="tests/BookStore.Domain.UnitTests/BookStore.Domain.UnitTests.csproj" />
    <Project Path="tests/BookStore.WebApi.IntegrationTests/BookStore.WebApi.IntegrationTests.csproj" />
  </Folder>
</Solution>
